
Microsoft Visual Studio Solution File, Format Version 12.00
# Visual Studio Version 17
VisualStudioVersion = 17.8.34525.116
MinimumVisualStudioVersion = 10.0.40219.1
Project("{FAE04EC0-301F-11D3-BF4B-00C04F79EFBC}") = "ReceptionProject", "ReceptionProject\ReceptionProject.csproj", "{3B5140ED-EB44-44F9-BE9F-913F4373E108}"
EndProject
Global
	GlobalSection(SolutionConfigurationPlatforms) = preSolution
		Debug|Any CPU = Debug|Any CPU
		Release|Any CPU = Release|Any CPU
	EndGlobalSection
	GlobalSection(ProjectConfigurationPlatforms) = postSolution
		{3B5140ED-EB44-44F9-BE9F-913F4373E108}.Debug|Any CPU.ActiveCfg = Debug|Any CPU
		{3B5140ED-EB44-44F9-BE9F-913F4373E108}.Debug|Any CPU.Build.0 = Debug|Any CPU
		{3B5140ED-EB44-44F9-BE9F-913F4373E108}.Release|Any CPU.ActiveCfg = Release|Any CPU
		{3B5140ED-EB44-44F9-BE9F-913F4373E108}.Release|Any CPU.Build.0 = Release|Any CPU
	EndGlobalSection
	GlobalSection(SolutionProperties) = preSolution
		HideSolutionNode = FALSE
	EndGlobalSection
	GlobalSection(ExtensibilityGlobals) = postSolution
		SolutionGuid = {DDED2436-7E63-43A0-A28E-2CD5FE658B81}
	EndGlobalSection
EndGlobal
